
Microsoft Visual Studio Solution File, Format Version 12.00
# Visual Studio 15
Project("{FAE04EC0-301F-11D3-BF4B-00C04F79EFBC}") = "VRMShaders.GLTF.IO.Runtime", "VRMShaders.GLTF.IO.Runtime.csproj", "{70D82C51-A4E9-5BF0-6617-8D906ABAAD0B}"
EndProject
Project("{FAE04EC0-301F-11D3-BF4B-00C04F79EFBC}") = "VRM", "VRM.csproj", "{46967B88-70E3-482F-B71B-3D4A7B7095F6}"
EndProject
Project("{FAE04EC0-301F-11D3-BF4B-00C04F79EFBC}") = "UniGLTF", "UniGLTF.csproj", "{8C570C43-9D2B-5D7E-C133-E11E8463458D}"
EndProject
Project("{FAE04EC0-301F-11D3-BF4B-00C04F79EFBC}") = "UniGLTF.Editor", "UniGLTF.Editor.csproj", "{8A833772-3754-5C1F-9DAE-2D15E148C51A}"
EndProject
Project("{FAE04EC0-301F-11D3-BF4B-00C04F79EFBC}") = "UniHumanoid", "UniHumanoid.csproj", "{58BEBF49-C62F-0314-951C-EAF078F55A63}"
EndProject
Project("{FAE04EC0-301F-11D3-BF4B-00C04F79EFBC}") = "UniGLTF.Tests", "UniGLTF.Tests.csproj", "{3D32CC2C-3B18-3A1B-129C-837E8737A792}"
EndProject
Project("{FAE04EC0-301F-11D3-BF4B-00C04F79EFBC}") = "VRMShaders.VRM10.MToon10.Runtime", "VRMShaders.VRM10.MToon10.Runtime.csproj", "{8CA6158B-F440-352B-72A7-3700901CDE17}"
EndProject
Project("{FAE04EC0-301F-11D3-BF4B-00C04F79EFBC}") = "VRMShaders.GLTF.IO.Editor", "VRMShaders.GLTF.IO.Editor.csproj", "{4008B109-696B-BA60-758F-9BC33C518F13}"
EndProject
Project("{FAE04EC0-301F-11D3-BF4B-00C04F79EFBC}") = "Assembly-CSharp", "Assembly-CSharp.csproj", "{56D5B889-634D-4D72-2621-A1C4E505290C}"
EndProject
Project("{FAE04EC0-301F-11D3-BF4B-00C04F79EFBC}") = "FastSpringBone", "FastSpringBone.csproj", "{8F9173F9-81B1-9256-1841-85136801D5AC}"
EndProject
Project("{FAE04EC0-301F-11D3-BF4B-00C04F79EFBC}") = "MToon", "MToon.csproj", "{B55D74DA-44D1-930E-98DE-6CF988077DC7}"
EndProject
Project("{FAE04EC0-301F-11D3-BF4B-00C04F79EFBC}") = "UniVRM.Editor", "UniVRM.Editor.csproj", "{74B8F232-0502-8EBB-BA36-FFB20E499C3B}"
EndProject
Project("{FAE04EC0-301F-11D3-BF4B-00C04F79EFBC}") = "VRMShaders.VRM.IO.Runtime", "VRMShaders.VRM.IO.Runtime.csproj", "{15F38A3D-E70B-AFDC-F5B7-7CFF8F028614}"
EndProject
Project("{FAE04EC0-301F-11D3-BF4B-00C04F79EFBC}") = "VRM.Tests", "VRM.Tests.csproj", "{B5F63ADA-58C7-4BF3-6519-4963C971579E}"
EndProject
Project("{FAE04EC0-301F-11D3-BF4B-00C04F79EFBC}") = "MToon.Editor", "MToon.Editor.csproj", "{FED99C6F-AD52-FFEC-9BDE-893D783D03E9}"
EndProject
Project("{FAE04EC0-301F-11D3-BF4B-00C04F79EFBC}") = "VRMShaders.VRM10.MToon10.Tests", "VRMShaders.VRM10.MToon10.Tests.csproj", "{ED5E271A-6E40-7649-F65C-DFBD2F8C1A93}"
EndProject
Project("{FAE04EC0-301F-11D3-BF4B-00C04F79EFBC}") = "VRMShaders.VRM10.Format.Runtime", "VRMShaders.VRM10.Format.Runtime.csproj", "{3B9DBE16-9607-47E1-7DD6-67EAD4E37E80}"
EndProject
Project("{FAE04EC0-301F-11D3-BF4B-00C04F79EFBC}") = "VRMShaders.GLTF.IO.Tests", "VRMShaders.GLTF.IO.Tests.csproj", "{9840CBEF-1CC9-583D-3075-E6A0D0EDBD02}"
EndProject
Project("{FAE04EC0-301F-11D3-BF4B-00C04F79EFBC}") = "Assembly-CSharp-Editor", "Assembly-CSharp-Editor.csproj", "{68C1D963-9BE1-5480-F150-65DFCB80F977}"
EndProject
Project("{FAE04EC0-301F-11D3-BF4B-00C04F79EFBC}") = "UniHumanoid.Editor", "UniHumanoid.Editor.csproj", "{4E360826-B8DE-38CC-008C-A821C2C5750A}"
EndProject
Project("{FAE04EC0-301F-11D3-BF4B-00C04F79EFBC}") = "VRMShaders.VRM.IO.Editor", "VRMShaders.VRM.IO.Editor.csproj", "{DC5FF22D-DBBB-189C-69B7-4635A400E45D}"
EndProject
Project("{FAE04EC0-301F-11D3-BF4B-00C04F79EFBC}") = "VRMShaders.GLTF.UniUnlit.Editor", "VRMShaders.GLTF.UniUnlit.Editor.csproj", "{1B003270-33D6-5762-8C2E-98ABD275A3D9}"
EndProject
Project("{FAE04EC0-301F-11D3-BF4B-00C04F79EFBC}") = "VRMShaders.VRM10.MToon10.Editor", "VRMShaders.VRM10.MToon10.Editor.csproj", "{B35B5B65-9183-02F7-4A27-B776911EDF6A}"
EndProject
Project("{FAE04EC0-301F-11D3-BF4B-00C04F79EFBC}") = "UniHumanoid.Editor.Tests", "UniHumanoid.Editor.Tests.csproj", "{3344E243-A9EF-483E-5710-68F7707099F1}"
EndProject
Project("{FAE04EC0-301F-11D3-BF4B-00C04F79EFBC}") = "UniGLTF.Samples.ScreenSpace", "UniGLTF.Samples.ScreenSpace.csproj", "{B93C4A7E-E964-5AD6-C5BA-8B2782B8FFDA}"
EndProject
Project("{FAE04EC0-301F-11D3-BF4B-00C04F79EFBC}") = "VRMShaders.GLTF.UniUnlit.Runtime", "VRMShaders.GLTF.UniUnlit.Runtime.csproj", "{7BABB552-35B8-F454-F802-ED1A873719DC}"
EndProject
Project("{FAE04EC0-301F-11D3-BF4B-00C04F79EFBC}") = "VRM.Samples.Editor.Tests", "VRM.Samples.Editor.Tests.csproj", "{9446FE78-DC2D-93AE-4550-BFB1C23305A2}"
EndProject
Global
	GlobalSection(SolutionConfigurationPlatforms) = preSolution
		Debug|Any CPU = Debug|Any CPU
		Release|Any CPU = Release|Any CPU
	EndGlobalSection
	GlobalSection(ProjectConfigurationPlatforms) = postSolution
		{70D82C51-A4E9-5BF0-6617-8D906ABAAD0B}.Debug|Any CPU.ActiveCfg = Debug|Any CPU
		{70D82C51-A4E9-5BF0-6617-8D906ABAAD0B}.Debug|Any CPU.Build.0 = Debug|Any CPU
		{70D82C51-A4E9-5BF0-6617-8D906ABAAD0B}.Release|Any CPU.ActiveCfg = Release|Any CPU
		{70D82C51-A4E9-5BF0-6617-8D906ABAAD0B}.Release|Any CPU.Build.0 = Release|Any CPU
		{46967B88-70E3-482F-B71B-3D4A7B7095F6}.Debug|Any CPU.ActiveCfg = Debug|Any CPU
		{46967B88-70E3-482F-B71B-3D4A7B7095F6}.Debug|Any CPU.Build.0 = Debug|Any CPU
		{46967B88-70E3-482F-B71B-3D4A7B7095F6}.Release|Any CPU.ActiveCfg = Release|Any CPU
		{46967B88-70E3-482F-B71B-3D4A7B7095F6}.Release|Any CPU.Build.0 = Release|Any CPU
		{8C570C43-9D2B-5D7E-C133-E11E8463458D}.Debug|Any CPU.ActiveCfg = Debug|Any CPU
		{8C570C43-9D2B-5D7E-C133-E11E8463458D}.Debug|Any CPU.Build.0 = Debug|Any CPU
		{8C570C43-9D2B-5D7E-C133-E11E8463458D}.Release|Any CPU.ActiveCfg = Release|Any CPU
		{8C570C43-9D2B-5D7E-C133-E11E8463458D}.Release|Any CPU.Build.0 = Release|Any CPU
		{8A833772-3754-5C1F-9DAE-2D15E148C51A}.Debug|Any CPU.ActiveCfg = Debug|Any CPU
		{8A833772-3754-5C1F-9DAE-2D15E148C51A}.Debug|Any CPU.Build.0 = Debug|Any CPU
		{8A833772-3754-5C1F-9DAE-2D15E148C51A}.Release|Any CPU.ActiveCfg = Release|Any CPU
		{8A833772-3754-5C1F-9DAE-2D15E148C51A}.Release|Any CPU.Build.0 = Release|Any CPU
		{58BEBF49-C62F-0314-951C-EAF078F55A63}.Debug|Any CPU.ActiveCfg = Debug|Any CPU
		{58BEBF49-C62F-0314-951C-EAF078F55A63}.Debug|Any CPU.Build.0 = Debug|Any CPU
		{58BEBF49-C62F-0314-951C-EAF078F55A63}.Release|Any CPU.ActiveCfg = Release|Any CPU
		{58BEBF49-C62F-0314-951C-EAF078F55A63}.Release|Any CPU.Build.0 = Release|Any CPU
		{3D32CC2C-3B18-3A1B-129C-837E8737A792}.Debug|Any CPU.ActiveCfg = Debug|Any CPU
		{3D32CC2C-3B18-3A1B-129C-837E8737A792}.Debug|Any CPU.Build.0 = Debug|Any CPU
		{3D32CC2C-3B18-3A1B-129C-837E8737A792}.Release|Any CPU.ActiveCfg = Release|Any CPU
		{3D32CC2C-3B18-3A1B-129C-837E8737A792}.Release|Any CPU.Build.0 = Release|Any CPU
		{8CA6158B-F440-352B-72A7-3700901CDE17}.Debug|Any CPU.ActiveCfg = Debug|Any CPU
		{8CA6158B-F440-352B-72A7-3700901CDE17}.Debug|Any CPU.Build.0 = Debug|Any CPU
		{8CA6158B-F440-352B-72A7-3700901CDE17}.Release|Any CPU.ActiveCfg = Release|Any CPU
		{8CA6158B-F440-352B-72A7-3700901CDE17}.Release|Any CPU.Build.0 = Release|Any CPU
		{4008B109-696B-BA60-758F-9BC33C518F13}.Debug|Any CPU.ActiveCfg = Debug|Any CPU
		{4008B109-696B-BA60-758F-9BC33C518F13}.Debug|Any CPU.Build.0 = Debug|Any CPU
		{4008B109-696B-BA60-758F-9BC33C518F13}.Release|Any CPU.ActiveCfg = Release|Any CPU
		{4008B109-696B-BA60-758F-9BC33C518F13}.Release|Any CPU.Build.0 = Release|Any CPU
		{56D5B889-634D-4D72-2621-A1C4E505290C}.Debug|Any CPU.ActiveCfg = Debug|Any CPU
		{56D5B889-634D-4D72-2621-A1C4E505290C}.Debug|Any CPU.Build.0 = Debug|Any CPU
		{56D5B889-634D-4D72-2621-A1C4E505290C}.Release|Any CPU.ActiveCfg = Release|Any CPU
		{56D5B889-634D-4D72-2621-A1C4E505290C}.Release|Any CPU.Build.0 = Release|Any CPU
		{8F9173F9-81B1-9256-1841-85136801D5AC}.Debug|Any CPU.ActiveCfg = Debug|Any CPU
		{8F9173F9-81B1-9256-1841-85136801D5AC}.Debug|Any CPU.Build.0 = Debug|Any CPU
		{8F9173F9-81B1-9256-1841-85136801D5AC}.Release|Any CPU.ActiveCfg = Release|Any CPU
		{8F9173F9-81B1-9256-1841-85136801D5AC}.Release|Any CPU.Build.0 = Release|Any CPU
		{B55D74DA-44D1-930E-98DE-6CF988077DC7}.Debug|Any CPU.ActiveCfg = Debug|Any CPU
		{B55D74DA-44D1-930E-98DE-6CF988077DC7}.Debug|Any CPU.Build.0 = Debug|Any CPU
		{B55D74DA-44D1-930E-98DE-6CF988077DC7}.Release|Any CPU.ActiveCfg = Release|Any CPU
		{B55D74DA-44D1-930E-98DE-6CF988077DC7}.Release|Any CPU.Build.0 = Release|Any CPU
		{74B8F232-0502-8EBB-BA36-FFB20E499C3B}.Debug|Any CPU.ActiveCfg = Debug|Any CPU
		{74B8F232-0502-8EBB-BA36-FFB20E499C3B}.Debug|Any CPU.Build.0 = Debug|Any CPU
		{74B8F232-0502-8EBB-BA36-FFB20E499C3B}.Release|Any CPU.ActiveCfg = Release|Any CPU
		{74B8F232-0502-8EBB-BA36-FFB20E499C3B}.Release|Any CPU.Build.0 = Release|Any CPU
		{15F38A3D-E70B-AFDC-F5B7-7CFF8F028614}.Debug|Any CPU.ActiveCfg = Debug|Any CPU
		{15F38A3D-E70B-AFDC-F5B7-7CFF8F028614}.Debug|Any CPU.Build.0 = Debug|Any CPU
		{15F38A3D-E70B-AFDC-F5B7-7CFF8F028614}.Release|Any CPU.ActiveCfg = Release|Any CPU
		{15F38A3D-E70B-AFDC-F5B7-7CFF8F028614}.Release|Any CPU.Build.0 = Release|Any CPU
		{B5F63ADA-58C7-4BF3-6519-4963C971579E}.Debug|Any CPU.ActiveCfg = Debug|Any CPU
		{B5F63ADA-58C7-4BF3-6519-4963C971579E}.Debug|Any CPU.Build.0 = Debug|Any CPU
		{B5F63ADA-58C7-4BF3-6519-4963C971579E}.Release|Any CPU.ActiveCfg = Release|Any CPU
		{B5F63ADA-58C7-4BF3-6519-4963C971579E}.Release|Any CPU.Build.0 = Release|Any CPU
		{FED99C6F-AD52-FFEC-9BDE-893D783D03E9}.Debug|Any CPU.ActiveCfg = Debug|Any CPU
		{FED99C6F-AD52-FFEC-9BDE-893D783D03E9}.Debug|Any CPU.Build.0 = Debug|Any CPU
		{FED99C6F-AD52-FFEC-9BDE-893D783D03E9}.Release|Any CPU.ActiveCfg = Release|Any CPU
		{FED99C6F-AD52-FFEC-9BDE-893D783D03E9}.Release|Any CPU.Build.0 = Release|Any CPU
		{ED5E271A-6E40-7649-F65C-DFBD2F8C1A93}.Debug|Any CPU.ActiveCfg = Debug|Any CPU
		{ED5E271A-6E40-7649-F65C-DFBD2F8C1A93}.Debug|Any CPU.Build.0 = Debug|Any CPU
		{ED5E271A-6E40-7649-F65C-DFBD2F8C1A93}.Release|Any CPU.ActiveCfg = Release|Any CPU
		{ED5E271A-6E40-7649-F65C-DFBD2F8C1A93}.Release|Any CPU.Build.0 = Release|Any CPU
		{3B9DBE16-9607-47E1-7DD6-67EAD4E37E80}.Debug|Any CPU.ActiveCfg = Debug|Any CPU
		{3B9DBE16-9607-47E1-7DD6-67EAD4E37E80}.Debug|Any CPU.Build.0 = Debug|Any CPU
		{3B9DBE16-9607-47E1-7DD6-67EAD4E37E80}.Release|Any CPU.ActiveCfg = Release|Any CPU
		{3B9DBE16-9607-47E1-7DD6-67EAD4E37E80}.Release|Any CPU.Build.0 = Release|Any CPU
		{9840CBEF-1CC9-583D-3075-E6A0D0EDBD02}.Debug|Any CPU.ActiveCfg = Debug|Any CPU
		{9840CBEF-1CC9-583D-3075-E6A0D0EDBD02}.Debug|Any CPU.Build.0 = Debug|Any CPU
		{9840CBEF-1CC9-583D-3075-E6A0D0EDBD02}.Release|Any CPU.ActiveCfg = Release|Any CPU
		{9840CBEF-1CC9-583D-3075-E6A0D0EDBD02}.Release|Any CPU.Build.0 = Release|Any CPU
		{68C1D963-9BE1-5480-F150-65DFCB80F977}.Debug|Any CPU.ActiveCfg = Debug|Any CPU
		{68C1D963-9BE1-5480-F150-65DFCB80F977}.Debug|Any CPU.Build.0 = Debug|Any CPU
		{68C1D963-9BE1-5480-F150-65DFCB80F977}.Release|Any CPU.ActiveCfg = Release|Any CPU
		{68C1D963-9BE1-5480-F150-65DFCB80F977}.Release|Any CPU.Build.0 = Release|Any CPU
		{4E360826-B8DE-38CC-008C-A821C2C5750A}.Debug|Any CPU.ActiveCfg = Debug|Any CPU
		{4E360826-B8DE-38CC-008C-A821C2C5750A}.Debug|Any CPU.Build.0 = Debug|Any CPU
		{4E360826-B8DE-38CC-008C-A821C2C5750A}.Release|Any CPU.ActiveCfg = Release|Any CPU
		{4E360826-B8DE-38CC-008C-A821C2C5750A}.Release|Any CPU.Build.0 = Release|Any CPU
		{DC5FF22D-DBBB-189C-69B7-4635A400E45D}.Debug|Any CPU.ActiveCfg = Debug|Any CPU
		{DC5FF22D-DBBB-189C-69B7-4635A400E45D}.Debug|Any CPU.Build.0 = Debug|Any CPU
		{DC5FF22D-DBBB-189C-69B7-4635A400E45D}.Release|Any CPU.ActiveCfg = Release|Any CPU
		{DC5FF22D-DBBB-189C-69B7-4635A400E45D}.Release|Any CPU.Build.0 = Release|Any CPU
		{1B003270-33D6-5762-8C2E-98ABD275A3D9}.Debug|Any CPU.ActiveCfg = Debug|Any CPU
		{1B003270-33D6-5762-8C2E-98ABD275A3D9}.Debug|Any CPU.Build.0 = Debug|Any CPU
		{1B003270-33D6-5762-8C2E-98ABD275A3D9}.Release|Any CPU.ActiveCfg = Release|Any CPU
		{1B003270-33D6-5762-8C2E-98ABD275A3D9}.Release|Any CPU.Build.0 = Release|Any CPU
		{B35B5B65-9183-02F7-4A27-B776911EDF6A}.Debug|Any CPU.ActiveCfg = Debug|Any CPU
		{B35B5B65-9183-02F7-4A27-B776911EDF6A}.Debug|Any CPU.Build.0 = Debug|Any CPU
		{B35B5B65-9183-02F7-4A27-B776911EDF6A}.Release|Any CPU.ActiveCfg = Release|Any CPU
		{B35B5B65-9183-02F7-4A27-B776911EDF6A}.Release|Any CPU.Build.0 = Release|Any CPU
		{3344E243-A9EF-483E-5710-68F7707099F1}.Debug|Any CPU.ActiveCfg = Debug|Any CPU
		{3344E243-A9EF-483E-5710-68F7707099F1}.Debug|Any CPU.Build.0 = Debug|Any CPU
		{3344E243-A9EF-483E-5710-68F7707099F1}.Release|Any CPU.ActiveCfg = Release|Any CPU
		{3344E243-A9EF-483E-5710-68F7707099F1}.Release|Any CPU.Build.0 = Release|Any CPU
		{B93C4A7E-E964-5AD6-C5BA-8B2782B8FFDA}.Debug|Any CPU.ActiveCfg = Debug|Any CPU
		{B93C4A7E-E964-5AD6-C5BA-8B2782B8FFDA}.Debug|Any CPU.Build.0 = Debug|Any CPU
		{B93C4A7E-E964-5AD6-C5BA-8B2782B8FFDA}.Release|Any CPU.ActiveCfg = Release|Any CPU
		{B93C4A7E-E964-5AD6-C5BA-8B2782B8FFDA}.Release|Any CPU.Build.0 = Release|Any CPU
		{7BABB552-35B8-F454-F802-ED1A873719DC}.Debug|Any CPU.ActiveCfg = Debug|Any CPU
		{7BABB552-35B8-F454-F802-ED1A873719DC}.Debug|Any CPU.Build.0 = Debug|Any CPU
		{7BABB552-35B8-F454-F802-ED1A873719DC}.Release|Any CPU.ActiveCfg = Release|Any CPU
		{7BABB552-35B8-F454-F802-ED1A873719DC}.Release|Any CPU.Build.0 = Release|Any CPU
		{9446FE78-DC2D-93AE-4550-BFB1C23305A2}.Debug|Any CPU.ActiveCfg = Debug|Any CPU
		{9446FE78-DC2D-93AE-4550-BFB1C23305A2}.Debug|Any CPU.Build.0 = Debug|Any CPU
		{9446FE78-DC2D-93AE-4550-BFB1C23305A2}.Release|Any CPU.ActiveCfg = Release|Any CPU
		{9446FE78-DC2D-93AE-4550-BFB1C23305A2}.Release|Any CPU.Build.0 = Release|Any CPU
	EndGlobalSection
	GlobalSection(SolutionProperties) = preSolution
		HideSolutionNode = FALSE
	EndGlobalSection
EndGlobal
